
Microsoft Visual Studio Solution File, Format Version 12.00
# Visual Studio Version 16
VisualStudioVersion = 16.0.31424.327
MinimumVisualStudioVersion = 10.0.40219.1
Project("{FAE04EC0-301F-11D3-BF4B-00C04F79EFBC}") = "WindowProg", "ISMPrakt05\WindowProg.csproj", "{BFB08967-A8C0-496F-BC7C-26A3F8D38145}"
EndProject
Project("{FAE04EC0-301F-11D3-BF4B-00C04F79EFBC}") = "LibForArray", "LibForArray\LibForArray.csproj", "{2D60127E-18BF-449B-A9E5-C40581516D1A}"
EndProject
Project("{FAE04EC0-301F-11D3-BF4B-00C04F79EFBC}") = "ConsoleAppPract05", "ConsoleAppPract05\ConsoleAppPract05.csproj", "{D952181F-CF7A-4F21-B598-320F62072483}"
EndProject
Global
	GlobalSection(SolutionConfigurationPlatforms) = preSolution
		Debug|Any CPU = Debug|Any CPU
		Release|Any CPU = Release|Any CPU
	EndGlobalSection
	GlobalSection(ProjectConfigurationPlatforms) = postSolution
		{BFB08967-A8C0-496F-BC7C-26A3F8D38145}.Debug|Any CPU.ActiveCfg = Debug|Any CPU
		{BFB08967-A8C0-496F-BC7C-26A3F8D38145}.Debug|Any CPU.Build.0 = Debug|Any CPU
		{BFB08967-A8C0-496F-BC7C-26A3F8D38145}.Release|Any CPU.ActiveCfg = Release|Any CPU
		{BFB08967-A8C0-496F-BC7C-26A3F8D38145}.Release|Any CPU.Build.0 = Release|Any CPU
		{2D60127E-18BF-449B-A9E5-C40581516D1A}.Debug|Any CPU.ActiveCfg = Debug|Any CPU
		{2D60127E-18BF-449B-A9E5-C40581516D1A}.Debug|Any CPU.Build.0 = Debug|Any CPU
		{2D60127E-18BF-449B-A9E5-C40581516D1A}.Release|Any CPU.ActiveCfg = Release|Any CPU
		{2D60127E-18BF-449B-A9E5-C40581516D1A}.Release|Any CPU.Build.0 = Release|Any CPU
		{D952181F-CF7A-4F21-B598-320F62072483}.Debug|Any CPU.ActiveCfg = Debug|Any CPU
		{D952181F-CF7A-4F21-B598-320F62072483}.Debug|Any CPU.Build.0 = Debug|Any CPU
		{D952181F-CF7A-4F21-B598-320F62072483}.Release|Any CPU.ActiveCfg = Release|Any CPU
		{D952181F-CF7A-4F21-B598-320F62072483}.Release|Any CPU.Build.0 = Release|Any CPU
	EndGlobalSection
	GlobalSection(SolutionProperties) = preSolution
		HideSolutionNode = FALSE
	EndGlobalSection
	GlobalSection(ExtensibilityGlobals) = postSolution
		SolutionGuid = {5CB340AC-480C-4158-82AB-98AFDDB5038C}
	EndGlobalSection
EndGlobal
